# This file was autogenerated by Stack.
# You should not edit this file by hand.
# For more information, please see the documentation at:
#   https://docs.haskellstack.org/en/stable/lock_files

packages:
- completed:
    hackage: FunGEn-1.1.1@sha256:035bcf80315e3afab0445a521d477e1ba07114cd3367526dd57a8956529ef865,3908
    pantry-tree:
      size: 2896
      sha256: 2c67af9071a9d76ee01f70c3ad2cdde76251176bf01ecdb0215eb86b820abe89
  original:
    hackage: FunGEn-1.1.1@sha256:035bcf80315e3afab0445a521d477e1ba07114cd3367526dd57a8956529ef865,3908
snapshots:
- completed:
    size: 534126
    url: https://raw.githubusercontent.com/commercialhaskell/stackage-snapshots/master/lts/16/31.yaml
    sha256: 637fb77049b25560622a224845b7acfe81a09fdb6a96a3c75997a10b651667f6
  original: lts-16.31
